
Microsoft Visual Studio Solution File, Format Version 12.00
# Visual Studio Version 17
VisualStudioVersion = 17.0.31903.59
MinimumVisualStudioVersion = 10.0.40219.1
Project("{FAE04EC0-301F-11D3-BF4B-00C04F79EFBC}") = "LendingSystem", "LendingSystem\LendingSystem.csproj", "{3DA451D1-1803-4DA8-A74C-BB1D7A2DDBF8}"
EndProject
Project("{FAE04EC0-301F-11D3-BF4B-00C04F79EFBC}") = "LendingSystem.Infrastructure", "LendingSystem.Infrastructure\LendingSystem.Infrastructure.csproj", "{DA22ABE4-B8CC-4FA7-B8F6-F872A0BE61DA}"
EndProject
Project("{FAE04EC0-301F-11D3-BF4B-00C04F79EFBC}") = "LendingSystem.API", "LendingSystem.API\LendingSystem.API.csproj", "{7695D08F-85CB-478C-803A-1878B22893C9}"
EndProject
Project("{FAE04EC0-301F-11D3-BF4B-00C04F79EFBC}") = "LendingSystem.Test", "LendingSystem.Test\LendingSystem.Test.csproj", "{C0309748-518E-4421-8764-BAED519DA08A}"
EndProject
Global
	GlobalSection(SolutionConfigurationPlatforms) = preSolution
		Debug|Any CPU = Debug|Any CPU
		Release|Any CPU = Release|Any CPU
	EndGlobalSection
	GlobalSection(SolutionProperties) = preSolution
		HideSolutionNode = FALSE
	EndGlobalSection
	GlobalSection(ProjectConfigurationPlatforms) = postSolution
		{3DA451D1-1803-4DA8-A74C-BB1D7A2DDBF8}.Debug|Any CPU.ActiveCfg = Debug|Any CPU
		{3DA451D1-1803-4DA8-A74C-BB1D7A2DDBF8}.Debug|Any CPU.Build.0 = Debug|Any CPU
		{3DA451D1-1803-4DA8-A74C-BB1D7A2DDBF8}.Release|Any CPU.ActiveCfg = Release|Any CPU
		{3DA451D1-1803-4DA8-A74C-BB1D7A2DDBF8}.Release|Any CPU.Build.0 = Release|Any CPU
		{DA22ABE4-B8CC-4FA7-B8F6-F872A0BE61DA}.Debug|Any CPU.ActiveCfg = Debug|Any CPU
		{DA22ABE4-B8CC-4FA7-B8F6-F872A0BE61DA}.Debug|Any CPU.Build.0 = Debug|Any CPU
		{DA22ABE4-B8CC-4FA7-B8F6-F872A0BE61DA}.Release|Any CPU.ActiveCfg = Release|Any CPU
		{DA22ABE4-B8CC-4FA7-B8F6-F872A0BE61DA}.Release|Any CPU.Build.0 = Release|Any CPU
		{7695D08F-85CB-478C-803A-1878B22893C9}.Debug|Any CPU.ActiveCfg = Debug|Any CPU
		{7695D08F-85CB-478C-803A-1878B22893C9}.Debug|Any CPU.Build.0 = Debug|Any CPU
		{7695D08F-85CB-478C-803A-1878B22893C9}.Release|Any CPU.ActiveCfg = Release|Any CPU
		{7695D08F-85CB-478C-803A-1878B22893C9}.Release|Any CPU.Build.0 = Release|Any CPU
		{C0309748-518E-4421-8764-BAED519DA08A}.Debug|Any CPU.ActiveCfg = Debug|Any CPU
		{C0309748-518E-4421-8764-BAED519DA08A}.Debug|Any CPU.Build.0 = Debug|Any CPU
		{C0309748-518E-4421-8764-BAED519DA08A}.Release|Any CPU.ActiveCfg = Release|Any CPU
		{C0309748-518E-4421-8764-BAED519DA08A}.Release|Any CPU.Build.0 = Release|Any CPU
	EndGlobalSection
EndGlobal
